
Microsoft Visual Studio Solution File, Format Version 12.00
Project("{FAE04EC0-301F-11D3-BF4B-00C04F79EFBC}") = "ConvertingToMVC", "ConvertingToMVC\ConvertingToMVC.csproj", "{8187CD1A-9C8E-4562-8DC6-C44DC49997EA}"
EndProject
Global
	GlobalSection(SolutionConfigurationPlatforms) = preSolution
		Debug|Any CPU = Debug|Any CPU
		Release|Any CPU = Release|Any CPU
	EndGlobalSection
	GlobalSection(ProjectConfigurationPlatforms) = postSolution
		{8187CD1A-9C8E-4562-8DC6-C44DC49997EA}.Debug|Any CPU.ActiveCfg = Debug|Any CPU
		{8187CD1A-9C8E-4562-8DC6-C44DC49997EA}.Debug|Any CPU.Build.0 = Debug|Any CPU
		{8187CD1A-9C8E-4562-8DC6-C44DC49997EA}.Release|Any CPU.ActiveCfg = Release|Any CPU
		{8187CD1A-9C8E-4562-8DC6-C44DC49997EA}.Release|Any CPU.Build.0 = Release|Any CPU
	EndGlobalSection
EndGlobal
